
Microsoft Visual Studio Solution File, Format Version 12.00
# Visual Studio Version 17
VisualStudioVersion = 17.4.33103.184
MinimumVisualStudioVersion = 10.0.40219.1
Project("{FAE04EC0-301F-11D3-BF4B-00C04F79EFBC}") = "THAW8_MaulanaMA", "THAW8_MaulanaMA\THAW8_MaulanaMA.csproj", "{347C9879-97AA-4921-BD16-8C7A3A5D8895}"
EndProject
Global
	GlobalSection(SolutionConfigurationPlatforms) = preSolution
		Debug|Any CPU = Debug|Any CPU
		Release|Any CPU = Release|Any CPU
	EndGlobalSection
	GlobalSection(ProjectConfigurationPlatforms) = postSolution
		{347C9879-97AA-4921-BD16-8C7A3A5D8895}.Debug|Any CPU.ActiveCfg = Debug|Any CPU
		{347C9879-97AA-4921-BD16-8C7A3A5D8895}.Debug|Any CPU.Build.0 = Debug|Any CPU
		{347C9879-97AA-4921-BD16-8C7A3A5D8895}.Release|Any CPU.ActiveCfg = Release|Any CPU
		{347C9879-97AA-4921-BD16-8C7A3A5D8895}.Release|Any CPU.Build.0 = Release|Any CPU
	EndGlobalSection
	GlobalSection(SolutionProperties) = preSolution
		HideSolutionNode = FALSE
	EndGlobalSection
	GlobalSection(ExtensibilityGlobals) = postSolution
		SolutionGuid = {AFD0A311-3F38-47B0-9425-B35A92CA7FCC}
	EndGlobalSection
EndGlobal
